// !$*UTF8*$!
{
	archiveVersion = 1;
	classes = {
	};
	objectVersion = 51;
	objects = {

/* Begin PBXBuildFile section */
		13C7ECB7E2AD6497F4DEB345 /* Pods_AutoLayoutDemo.framework in Frameworks */ = {isa = PBXBuildFile; fileRef = CB38D396DA3E2ABC555559BD /* Pods_AutoLayoutDemo.framework */; };
		F38C8857230C570F00721152 /* AppDelegate.swift in Sources */ = {isa = PBXBuildFile; fileRef = F38C8856230C570F00721152 /* AppDelegate.swift */; };
		F38C8859230C570F00721152 /* ViewController.swift in Sources */ = {isa = PBXBuildFile; fileRef = F38C8858230C570F00721152 /* ViewController.swift */; };
		F38C885C230C570F00721152 /* Main.storyboard in Resources */ = {isa = PBXBuildFile; fileRef = F38C885A230C570F00721152 /* Main.storyboard */; };
		F38C885E230C571200721152 /* Assets.xcassets in Resources */ = {isa = PBXBuildFile; fileRef = F38C885D230C571200721152 /* Assets.xcassets */; };
		F38C8861230C571200721152 /* LaunchScreen.storyboard in Resources */ = {isa = PBXBuildFile; fileRef = F38C885F230C571200721152 /* LaunchScreen.storyboard */; };
		F3BB1E5A230EF33B00FE4CEE /* GoogleService-Info.plist in Resources */ = {isa = PBXBuildFile; fileRef = F3BB1E59230EF33B00FE4CEE /* GoogleService-Info.plist */; };
		F3BB1E632314263C00FE4CEE /* RegisterViewController.swift in Sources */ = {isa = PBXBuildFile; fileRef = F3BB1E622314263C00FE4CEE /* RegisterViewController.swift */; };
		F3EA4DA42316D08E000F5DA8 /* FireBase.swift in Sources */ = {isa = PBXBuildFile; fileRef = F3EA4DA32316D08E000F5DA8 /* FireBase.swift */; };
		F3EA4DA623171306000F5DA8 /* ValidateFuncs.swift in Sources */ = {isa = PBXBuildFile; fileRef = F3EA4DA523171306000F5DA8 /* ValidateFuncs.swift */; };
		F3EA4DA82318169D000F5DA8 /* UploadViewController.swift in Sources */ = {isa = PBXBuildFile; fileRef = F3EA4DA72318169D000F5DA8 /* UploadViewController.swift */; };
		F3EA4DCD23183F85000F5DA8 /* CustomTableViewCell.swift in Sources */ = {isa = PBXBuildFile; fileRef = F3EA4DCC23183F85000F5DA8 /* CustomTableViewCell.swift */; };
		F3EA4DCF231840D1000F5DA8 /* Profile.swift in Sources */ = {isa = PBXBuildFile; fileRef = F3EA4DCE231840D1000F5DA8 /* Profile.swift */; };
		F3EA4DD3231842E8000F5DA8 /* HomeViewController.swift in Sources */ = {isa = PBXBuildFile; fileRef = F3EA4DD2231842E8000F5DA8 /* HomeViewController.swift */; };
		F3F43714230D8F9100B7B349 /* LoginViewController.swift in Sources */ = {isa = PBXBuildFile; fileRef = F3F43713230D8F9100B7B349 /* LoginViewController.swift */; };
		F3F43716230DA3EB00B7B349 /* MapViewController.swift in Sources */ = {isa = PBXBuildFile; fileRef = F3F43715230DA3EB00B7B349 /* MapViewController.swift */; };
/* End PBXBuildFile section */

/* Begin PBXFileReference section */
		C4921361BBEA47CBD9BB1DB4 /* Pods-AutoLayoutDemo.release.xcconfig */ = {isa = PBXFileReference; includeInIndex = 1; lastKnownFileType = text.xcconfig; name = "Pods-AutoLayoutDemo.release.xcconfig"; path = "Target Support Files/Pods-AutoLayoutDemo/Pods-AutoLayoutDemo.release.xcconfig"; sourceTree = "<group>"; };
		CB38D396DA3E2ABC555559BD /* Pods_AutoLayoutDemo.framework */ = {isa = PBXFileReference; explicitFileType = wrapper.framework; includeInIndex = 0; path = Pods_AutoLayoutDemo.framework; sourceTree = BUILT_PRODUCTS_DIR; };
		E44BCBA29BC29DDA93F8B802 /* Pods-AutoLayoutDemo.debug.xcconfig */ = {isa = PBXFileReference; includeInIndex = 1; lastKnownFileType = text.xcconfig; name = "Pods-AutoLayoutDemo.debug.xcconfig"; path = "Target Support Files/Pods-AutoLayoutDemo/Pods-AutoLayoutDemo.debug.xcconfig"; sourceTree = "<group>"; };
		F38C8853230C570F00721152 /* AutoLayoutDemo.app */ = {isa = PBXFileReference; explicitFileType = wrapper.application; includeInIndex = 0; path = AutoLayoutDemo.app; sourceTree = BUILT_PRODUCTS_DIR; };
		F38C8856230C570F00721152 /* AppDelegate.swift */ = {isa = PBXFileReference; lastKnownFileType = sourcecode.swift; path = AppDelegate.swift; sourceTree = "<group>"; };
		F38C8858230C570F00721152 /* ViewController.swift */ = {isa = PBXFileReference; lastKnownFileType = sourcecode.swift; path = ViewController.swift; sourceTree = "<group>"; };
		F38C885B230C570F00721152 /* Base */ = {isa = PBXFileReference; lastKnownFileType = file.storyboard; name = Base; path = Base.lproj/Main.storyboard; sourceTree = "<group>"; };
		F38C885D230C571200721152 /* Assets.xcassets */ = {isa = PBXFileReference; lastKnownFileType = folder.assetcatalog; path = Assets.xcassets; sourceTree = "<group>"; };
		F38C8860230C571200721152 /* Base */ = {isa = PBXFileReference; lastKnownFileType = file.storyboard; name = Base; path = Base.lproj/LaunchScreen.storyboard; sourceTree = "<group>"; };
		F38C8862230C571200721152 /* Info.plist */ = {isa = PBXFileReference; lastKnownFileType = text.plist.xml; path = Info.plist; sourceTree = "<group>"; };
		F3BB1E59230EF33B00FE4CEE /* GoogleService-Info.plist */ = {isa = PBXFileReference; fileEncoding = 4; lastKnownFileType = text.plist.xml; path = "GoogleService-Info.plist"; sourceTree = "<group>"; };
		F3BB1E5B230EF48400FE4CEE /* Private */ = {isa = PBXFileReference; lastKnownFileType = folder; name = Private; path = Pods/FirebaseCore/Firebase/Core/Private; sourceTree = "<group>"; };
		F3BB1E622314263C00FE4CEE /* RegisterViewController.swift */ = {isa = PBXFileReference; lastKnownFileType = sourcecode.swift; path = RegisterViewController.swift; sourceTree = "<group>"; };
		F3EA4DA32316D08E000F5DA8 /* FireBase.swift */ = {isa = PBXFileReference; lastKnownFileType = sourcecode.swift; path = FireBase.swift; sourceTree = "<group>"; };
		F3EA4DA523171306000F5DA8 /* ValidateFuncs.swift */ = {isa = PBXFileReference; lastKnownFileType = sourcecode.swift; path = ValidateFuncs.swift; sourceTree = "<group>"; };
		F3EA4DA72318169D000F5DA8 /* UploadViewController.swift */ = {isa = PBXFileReference; lastKnownFileType = sourcecode.swift; path = UploadViewController.swift; sourceTree = "<group>"; };
		F3EA4DCC23183F85000F5DA8 /* CustomTableViewCell.swift */ = {isa = PBXFileReference; lastKnownFileType = sourcecode.swift; path = CustomTableViewCell.swift; sourceTree = "<group>"; };
		F3EA4DCE231840D1000F5DA8 /* Profile.swift */ = {isa = PBXFileReference; lastKnownFileType = sourcecode.swift; path = Profile.swift; sourceTree = "<group>"; };
		F3EA4DD2231842E8000F5DA8 /* HomeViewController.swift */ = {isa = PBXFileReference; lastKnownFileType = sourcecode.swift; path = HomeViewController.swift; sourceTree = "<group>"; };
		F3F43713230D8F9100B7B349 /* LoginViewController.swift */ = {isa = PBXFileReference; lastKnownFileType = sourcecode.swift; path = LoginViewController.swift; sourceTree = "<group>"; };
		F3F43715230DA3EB00B7B349 /* MapViewController.swift */ = {isa = PBXFileReference; lastKnownFileType = sourcecode.swift; path = MapViewController.swift; sourceTree = "<group>"; };
/* End PBXFileReference section */

/* Begin PBXFrameworksBuildPhase section */
		F38C8850230C570F00721152 /* Frameworks */ = {
			isa = PBXFrameworksBuildPhase;
			buildActionMask = 2147483647;
			files = (
				13C7ECB7E2AD6497F4DEB345 /* Pods_AutoLayoutDemo.framework in Frameworks */,
			);
			runOnlyForDeploymentPostprocessing = 0;
		};
/* End PBXFrameworksBuildPhase section */

/* Begin PBXGroup section */
		10F1A592E5CB589356FFD5C2 /* Pods */ = {
			isa = PBXGroup;
			children = (
				E44BCBA29BC29DDA93F8B802 /* Pods-AutoLayoutDemo.debug.xcconfig */,
				C4921361BBEA47CBD9BB1DB4 /* Pods-AutoLayoutDemo.release.xcconfig */,
			);
			path = Pods;
			sourceTree = "<group>";
		};
		772EBE0D9ED82D7FA2AC13C7 /* Frameworks */ = {
			isa = PBXGroup;
			children = (
				F3BB1E5B230EF48400FE4CEE /* Private */,
				CB38D396DA3E2ABC555559BD /* Pods_AutoLayoutDemo.framework */,
			);
			name = Frameworks;
			sourceTree = "<group>";
		};
		F38C884A230C570F00721152 = {
			isa = PBXGroup;
			children = (
				F38C8855230C570F00721152 /* AutoLayoutDemo */,
				F38C8854230C570F00721152 /* Products */,
				10F1A592E5CB589356FFD5C2 /* Pods */,
				772EBE0D9ED82D7FA2AC13C7 /* Frameworks */,
			);
			sourceTree = "<group>";
		};
		F38C8854230C570F00721152 /* Products */ = {
			isa = PBXGroup;
			children = (
				F38C8853230C570F00721152 /* AutoLayoutDemo.app */,
			);
			name = Products;
			sourceTree = "<group>";
		};
		F38C8855230C570F00721152 /* AutoLayoutDemo */ = {
			isa = PBXGroup;
			children = (
				F38C8856230C570F00721152 /* AppDelegate.swift */,
				F3BB1E5E230EF5C600FE4CEE /* Controllers */,
				F38C885A230C570F00721152 /* Main.storyboard */,
				F38C885D230C571200721152 /* Assets.xcassets */,
				F3BB1E5F230EF5EB00FE4CEE /* Model */,
				F38C885F230C571200721152 /* LaunchScreen.storyboard */,
				F3BB1E59230EF33B00FE4CEE /* GoogleService-Info.plist */,
				F3BB1E61230EF60B00FE4CEE /* Constants */,
				F3BB1E60230EF5F900FE4CEE /* ThirdParty Library */,
				F38C8862230C571200721152 /* Info.plist */,
			);
			path = AutoLayoutDemo;
			sourceTree = "<group>";
		};
		F3BB1E5E230EF5C600FE4CEE /* Controllers */ = {
			isa = PBXGroup;
			children = (
				F3EA4DCB23183F58000F5DA8 /* TabelCellControllers */,
				F38C8858230C570F00721152 /* ViewController.swift */,
				F3F43713230D8F9100B7B349 /* LoginViewController.swift */,
				F3F43715230DA3EB00B7B349 /* MapViewController.swift */,
				F3BB1E622314263C00FE4CEE /* RegisterViewController.swift */,
				F3EA4DA72318169D000F5DA8 /* UploadViewController.swift */,
				F3EA4DD2231842E8000F5DA8 /* HomeViewController.swift */,
			);
			path = Controllers;
			sourceTree = "<group>";
		};
		F3BB1E5F230EF5EB00FE4CEE /* Model */ = {
			isa = PBXGroup;
			children = (
				F3EA4DA32316D08E000F5DA8 /* FireBase.swift */,
				F3EA4DA523171306000F5DA8 /* ValidateFuncs.swift */,
				F3EA4DCE231840D1000F5DA8 /* Profile.swift */,
			);
			path = Model;
			sourceTree = "<group>";
		};
		F3BB1E60230EF5F900FE4CEE /* ThirdParty Library */ = {
			isa = PBXGroup;
			children = (
			);
			path = "ThirdParty Library";
			sourceTree = "<group>";
		};
		F3BB1E61230EF60B00FE4CEE /* Constants */ = {
			isa = PBXGroup;
			children = (
			);
			path = Constants;
			sourceTree = "<group>";
		};
		F3EA4DCB23183F58000F5DA8 /* TabelCellControllers */ = {
			isa = PBXGroup;
			children = (
				F3EA4DCC23183F85000F5DA8 /* CustomTableViewCell.swift */,
			);
			path = TabelCellControllers;
			sourceTree = "<group>";
		};
/* End PBXGroup section */

/* Begin PBXNativeTarget section */
		F38C8852230C570F00721152 /* AutoLayoutDemo */ = {
			isa = PBXNativeTarget;
			buildConfigurationList = F38C8865230C571200721152 /* Build configuration list for PBXNativeTarget "AutoLayoutDemo" */;
			buildPhases = (
				03A8B7EB63521D5BC97EEC2F /* [CP] Check Pods Manifest.lock */,
				F38C884F230C570F00721152 /* Sources */,
				F38C8850230C570F00721152 /* Frameworks */,
				F38C8851230C570F00721152 /* Resources */,
				33656B2DD956AA87C5449D40 /* [CP] Copy Pods Resources */,
				22356BC01A8F58AC89D8902A /* [CP] Embed Pods Frameworks */,
			);
			buildRules = (
			);
			dependencies = (
			);
			name = AutoLayoutDemo;
			productName = AutoLayoutDemo;
			productReference = F38C8853230C570F00721152 /* AutoLayoutDemo.app */;
			productType = "com.apple.product-type.application";
		};
/* End PBXNativeTarget section */

/* Begin PBXProject section */
		F38C884B230C570F00721152 /* Project object */ = {
			isa = PBXProject;
			attributes = {
				LastSwiftUpdateCheck = 1020;
				LastUpgradeCheck = 1020;
				ORGANIZATIONNAME = "najmeh nasiriyani";
				TargetAttributes = {
					F38C8852230C570F00721152 = {
						CreatedOnToolsVersion = 10.2.1;
					};
				};
			};
			buildConfigurationList = F38C884E230C570F00721152 /* Build configuration list for PBXProject "AutoLayoutDemo" */;
			compatibilityVersion = "Xcode 9.3";
			developmentRegion = en;
			hasScannedForEncodings = 0;
			knownRegions = (
				en,
				Base,
			);
			mainGroup = F38C884A230C570F00721152;
			productRefGroup = F38C8854230C570F00721152 /* Products */;
			projectDirPath = "";
			projectRoot = "";
			targets = (
				F38C8852230C570F00721152 /* AutoLayoutDemo */,
			);
		};
/* End PBXProject section */

/* Begin PBXResourcesBuildPhase section */
		F38C8851230C570F00721152 /* Resources */ = {
			isa = PBXResourcesBuildPhase;
			buildActionMask = 2147483647;
			files = (
				F38C8861230C571200721152 /* LaunchScreen.storyboard in Resources */,
				F3BB1E5A230EF33B00FE4CEE /* GoogleService-Info.plist in Resources */,
				F38C885E230C571200721152 /* Assets.xcassets in Resources */,
				F38C885C230C570F00721152 /* Main.storyboard in Resources */,
			);
			runOnlyForDeploymentPostprocessing = 0;
		};
/* End PBXResourcesBuildPhase section */

/* Begin PBXShellScriptBuildPhase section */
		03A8B7EB63521D5BC97EEC2F /* [CP] Check Pods Manifest.lock */ = {
			isa = PBXShellScriptBuildPhase;
			buildActionMask = 2147483647;
			files = (
			);
			inputFileListPaths = (
			);
			inputPaths = (
				"${PODS_PODFILE_DIR_PATH}/Podfile.lock",
				"${PODS_ROOT}/Manifest.lock",
			);
			name = "[CP] Check Pods Manifest.lock";
			outputFileListPaths = (
			);
			outputPaths = (
				"$(DERIVED_FILE_DIR)/Pods-AutoLayoutDemo-checkManifestLockResult.txt",
			);
			runOnlyForDeploymentPostprocessing = 0;
			shellPath = /bin/sh;
			shellScript = "diff \"${PODS_PODFILE_DIR_PATH}/Podfile.lock\" \"${PODS_ROOT}/Manifest.lock\" > /dev/null\nif [ $? != 0 ] ; then\n    # print error to STDERR\n    echo \"error: The sandbox is not in sync with the Podfile.lock. Run 'pod install' or update your CocoaPods installation.\" >&2\n    exit 1\nfi\n# This output is used by Xcode 'outputs' to avoid re-running this script phase.\necho \"SUCCESS\" > \"${SCRIPT_OUTPUT_FILE_0}\"\n";
			showEnvVarsInLog = 0;
		};
		22356BC01A8F58AC89D8902A /* [CP] Embed Pods Frameworks */ = {
			isa = PBXShellScriptBuildPhase;
			buildActionMask = 2147483647;
			files = (
			);
			inputFileListPaths = (
				"${PODS_ROOT}/Target Support Files/Pods-AutoLayoutDemo/Pods-AutoLayoutDemo-frameworks-${CONFIGURATION}-input-files.xcfilelist",
			);
			name = "[CP] Embed Pods Frameworks";
			outputFileListPaths = (
				"${PODS_ROOT}/Target Support Files/Pods-AutoLayoutDemo/Pods-AutoLayoutDemo-frameworks-${CONFIGURATION}-output-files.xcfilelist",
			);
			runOnlyForDeploymentPostprocessing = 0;
			shellPath = /bin/sh;
			shellScript = "\"${PODS_ROOT}/Target Support Files/Pods-AutoLayoutDemo/Pods-AutoLayoutDemo-frameworks.sh\"\n";
			showEnvVarsInLog = 0;
		};
		33656B2DD956AA87C5449D40 /* [CP] Copy Pods Resources */ = {
			isa = PBXShellScriptBuildPhase;
			buildActionMask = 2147483647;
			files = (
			);
			inputFileListPaths = (
				"${PODS_ROOT}/Target Support Files/Pods-AutoLayoutDemo/Pods-AutoLayoutDemo-resources-${CONFIGURATION}-input-files.xcfilelist",
			);
			name = "[CP] Copy Pods Resources";
			outputFileListPaths = (
				"${PODS_ROOT}/Target Support Files/Pods-AutoLayoutDemo/Pods-AutoLayoutDemo-resources-${CONFIGURATION}-output-files.xcfilelist",
			);
			runOnlyForDeploymentPostprocessing = 0;
			shellPath = /bin/sh;
			shellScript = "\"${PODS_ROOT}/Target Support Files/Pods-AutoLayoutDemo/Pods-AutoLayoutDemo-resources.sh\"\n";
			showEnvVarsInLog = 0;
		};
/* End PBXShellScriptBuildPhase section */

/* Begin PBXSourcesBuildPhase section */
		F38C884F230C570F00721152 /* Sources */ = {
			isa = PBXSourcesBuildPhase;
			buildActionMask = 2147483647;
			files = (
				F3EA4DCD23183F85000F5DA8 /* CustomTableViewCell.swift in Sources */,
				F3EA4DCF231840D1000F5DA8 /* Profile.swift in Sources */,
				F3F43714230D8F9100B7B349 /* LoginViewController.swift in Sources */,
				F3EA4DA82318169D000F5DA8 /* UploadViewController.swift in Sources */,
				F3BB1E632314263C00FE4CEE /* RegisterViewController.swift in Sources */,
				F38C8859230C570F00721152 /* ViewController.swift in Sources */,
				F38C8857230C570F00721152 /* AppDelegate.swift in Sources */,
				F3EA4DD3231842E8000F5DA8 /* HomeViewController.swift in Sources */,
				F3EA4DA42316D08E000F5DA8 /* FireBase.swift in Sources */,
				F3F43716230DA3EB00B7B349 /* MapViewController.swift in Sources */,
				F3EA4DA623171306000F5DA8 /* ValidateFuncs.swift in Sources */,
			);
			runOnlyForDeploymentPostprocessing = 0;
		};
/* End PBXSourcesBuildPhase section */

/* Begin PBXVariantGroup section */
		F38C885A230C570F00721152 /* Main.storyboard */ = {
			isa = PBXVariantGroup;
			children = (
				F38C885B230C570F00721152 /* Base */,
			);
			name = Main.storyboard;
			sourceTree = "<group>";
		};
		F38C885F230C571200721152 /* LaunchScreen.storyboard */ = {
			isa = PBXVariantGroup;
			children = (
				F38C8860230C571200721152 /* Base */,
			);
			name = LaunchScreen.storyboard;
			sourceTree = "<group>";
		};
/* End PBXVariantGroup section */

/* Begin XCBuildConfiguration section */
		F38C8863230C571200721152 /* Debug */ = {
			isa = XCBuildConfiguration;
			buildSettings = {
				ALWAYS_SEARCH_USER_PATHS = NO;
				CLANG_ANALYZER_NONNULL = YES;
				CLANG_ANALYZER_NUMBER_OBJECT_CONVERSION = YES_AGGRESSIVE;
				CLANG_CXX_LANGUAGE_STANDARD = "gnu++14";
				CLANG_CXX_LIBRARY = "libc++";
				CLANG_ENABLE_MODULES = YES;
				CLANG_ENABLE_OBJC_ARC = YES;
				CLANG_ENABLE_OBJC_WEAK = YES;
				CLANG_WARN_BLOCK_CAPTURE_AUTORELEASING = YES;
				CLANG_WARN_BOOL_CONVERSION = YES;
				CLANG_WARN_COMMA = YES;
				CLANG_WARN_CONSTANT_CONVERSION = YES;
				CLANG_WARN_DEPRECATED_OBJC_IMPLEMENTATIONS = YES;
				CLANG_WARN_DIRECT_OBJC_ISA_USAGE = YES_ERROR;
				CLANG_WARN_DOCUMENTATION_COMMENTS = YES;
				CLANG_WARN_EMPTY_BODY = YES;
				CLANG_WARN_ENUM_CONVERSION = YES;
				CLANG_WARN_INFINITE_RECURSION = YES;
				CLANG_WARN_INT_CONVERSION = YES;
				CLANG_WARN_NON_LITERAL_NULL_CONVERSION = YES;
				CLANG_WARN_OBJC_IMPLICIT_RETAIN_SELF = YES;
				CLANG_WARN_OBJC_LITERAL_CONVERSION = YES;
				CLANG_WARN_OBJC_ROOT_CLASS = YES_ERROR;
				CLANG_WARN_RANGE_LOOP_ANALYSIS = YES;
				CLANG_WARN_STRICT_PROTOTYPES = YES;
				CLANG_WARN_SUSPICIOUS_MOVE = YES;
				CLANG_WARN_UNGUARDED_AVAILABILITY = YES_AGGRESSIVE;
				CLANG_WARN_UNREACHABLE_CODE = YES;
				CLANG_WARN__DUPLICATE_METHOD_MATCH = YES;
				CODE_SIGN_IDENTITY = "iPhone Developer";
				COPY_PHASE_STRIP = NO;
				DEBUG_INFORMATION_FORMAT = dwarf;
				ENABLE_STRICT_OBJC_MSGSEND = YES;
				ENABLE_TESTABILITY = YES;
				GCC_C_LANGUAGE_STANDARD = gnu11;
				GCC_DYNAMIC_NO_PIC = NO;
				GCC_NO_COMMON_BLOCKS = YES;
				GCC_OPTIMIZATION_LEVEL = 0;
				GCC_PREPROCESSOR_DEFINITIONS = (
					"DEBUG=1",
					"$(inherited)",
				);
				GCC_WARN_64_TO_32_BIT_CONVERSION = YES;
				GCC_WARN_ABOUT_RETURN_TYPE = YES_ERROR;
				GCC_WARN_UNDECLARED_SELECTOR = YES;
				GCC_WARN_UNINITIALIZED_AUTOS = YES_AGGRESSIVE;
				GCC_WARN_UNUSED_FUNCTION = YES;
				GCC_WARN_UNUSED_VARIABLE = YES;
				IPHONEOS_DEPLOYMENT_TARGET = 12.2;
				MTL_ENABLE_DEBUG_INFO = INCLUDE_SOURCE;
				MTL_FAST_MATH = YES;
				ONLY_ACTIVE_ARCH = YES;
				SDKROOT = iphoneos;
				SWIFT_ACTIVE_COMPILATION_CONDITIONS = DEBUG;
				SWIFT_OPTIMIZATION_LEVEL = "-Onone";
			};
			name = Debug;
		};
		F38C8864230C571200721152 /* Release */ = {
			isa = XCBuildConfiguration;
			buildSettings = {
				ALWAYS_SEARCH_USER_PATHS = NO;
				CLANG_ANALYZER_NONNULL = YES;
				CLANG_ANALYZER_NUMBER_OBJECT_CONVERSION = YES_AGGRESSIVE;
				CLANG_CXX_LANGUAGE_STANDARD = "gnu++14";
				CLANG_CXX_LIBRARY = "libc++";
				CLANG_ENABLE_MODULES = YES;
				CLANG_ENABLE_OBJC_ARC = YES;
				CLANG_ENABLE_OBJC_WEAK = YES;
				CLANG_WARN_BLOCK_CAPTURE_AUTORELEASING = YES;
				CLANG_WARN_BOOL_CONVERSION = YES;
				CLANG_WARN_COMMA = YES;
				CLANG_WARN_CONSTANT_CONVERSION = YES;
				CLANG_WARN_DEPRECATED_OBJC_IMPLEMENTATIONS = YES;
				CLANG_WARN_DIRECT_OBJC_ISA_USAGE = YES_ERROR;
				CLANG_WARN_DOCUMENTATION_COMMENTS = YES;
				CLANG_WARN_EMPTY_BODY = YES;
				CLANG_WARN_ENUM_CONVERSION = YES;
				CLANG_WARN_INFINITE_RECURSION = YES;
				CLANG_WARN_INT_CONVERSION = YES;
				CLANG_WARN_NON_LITERAL_NULL_CONVERSION = YES;
				CLANG_WARN_OBJC_IMPLICIT_RETAIN_SELF = YES;
				CLANG_WARN_OBJC_LITERAL_CONVERSION = YES;
				CLANG_WARN_OBJC_ROOT_CLASS = YES_ERROR;
				CLANG_WARN_RANGE_LOOP_ANALYSIS = YES;
				CLANG_WARN_STRICT_PROTOTYPES = YES;
				CLANG_WARN_SUSPICIOUS_MOVE = YES;
				CLANG_WARN_UNGUARDED_AVAILABILITY = YES_AGGRESSIVE;
				CLANG_WARN_UNREACHABLE_CODE = YES;
				CLANG_WARN__DUPLICATE_METHOD_MATCH = YES;
				CODE_SIGN_IDENTITY = "iPhone Developer";
				COPY_PHASE_STRIP = NO;
				DEBUG_INFORMATION_FORMAT = "dwarf-with-dsym";
				ENABLE_NS_ASSERTIONS = NO;
				ENABLE_STRICT_OBJC_MSGSEND = YES;
				GCC_C_LANGUAGE_STANDARD = gnu11;
				GCC_NO_COMMON_BLOCKS = YES;
				GCC_WARN_64_TO_32_BIT_CONVERSION = YES;
				GCC_WARN_ABOUT_RETURN_TYPE = YES_ERROR;
				GCC_WARN_UNDECLARED_SELECTOR = YES;
				GCC_WARN_UNINITIALIZED_AUTOS = YES_AGGRESSIVE;
				GCC_WARN_UNUSED_FUNCTION = YES;
				GCC_WARN_UNUSED_VARIABLE = YES;
				IPHONEOS_DEPLOYMENT_TARGET = 12.2;
				MTL_ENABLE_DEBUG_INFO = NO;
				MTL_FAST_MATH = YES;
				SDKROOT = iphoneos;
				SWIFT_COMPILATION_MODE = wholemodule;
				SWIFT_OPTIMIZATION_LEVEL = "-O";
				VALIDATE_PRODUCT = YES;
			};
			name = Release;
		};
		F38C8866230C571200721152 /* Debug */ = {
			isa = XCBuildConfiguration;
			baseConfigurationReference = E44BCBA29BC29DDA93F8B802 /* Pods-AutoLayoutDemo.debug.xcconfig */;
			buildSettings = {
				ASSETCATALOG_COMPILER_APPICON_NAME = AppIcon;
				CODE_SIGN_STYLE = Automatic;
				DEVELOPMENT_TEAM = P3UD86H4P5;
				INFOPLIST_FILE = AutoLayoutDemo/Info.plist;
				IPHONEOS_DEPLOYMENT_TARGET = 11.0;
				LD_RUNPATH_SEARCH_PATHS = (
					"$(inherited)",
					"@executable_path/Frameworks",
				);
				PRODUCT_BUNDLE_IDENTIFIER = najmehnasiriyani.AutoLayoutDemo;
				PRODUCT_NAME = "$(TARGET_NAME)";
				SWIFT_VERSION = 5.0;
				TARGETED_DEVICE_FAMILY = "1,2";
			};
			name = Debug;
		};
		F38C8867230C571200721152 /* Release */ = {
			isa = XCBuildConfiguration;
			baseConfigurationReference = C4921361BBEA47CBD9BB1DB4 /* Pods-AutoLayoutDemo.release.xcconfig */;
			buildSettings = {
				ASSETCATALOG_COMPILER_APPICON_NAME = AppIcon;
				CODE_SIGN_STYLE = Automatic;
				DEVELOPMENT_TEAM = P3UD86H4P5;
				INFOPLIST_FILE = AutoLayoutDemo/Info.plist;
				IPHONEOS_DEPLOYMENT_TARGET = 11.0;
				LD_RUNPATH_SEARCH_PATHS = (
					"$(inherited)",
					"@executable_path/Frameworks",
				);
				PRODUCT_BUNDLE_IDENTIFIER = najmehnasiriyani.AutoLayoutDemo;
				PRODUCT_NAME = "$(TARGET_NAME)";
				SWIFT_VERSION = 5.0;
				TARGETED_DEVICE_FAMILY = "1,2";
			};
			name = Release;
		};
/* End XCBuildConfiguration section */

/* Begin XCConfigurationList section */
		F38C884E230C570F00721152 /* Build configuration list for PBXProject "AutoLayoutDemo" */ = {
			isa = XCConfigurationList;
			buildConfigurations = (
				F38C8863230C571200721152 /* Debug */,
				F38C8864230C571200721152 /* Release */,
			);
			defaultConfigurationIsVisible = 0;
			defaultConfigurationName = Release;
		};
		F38C8865230C571200721152 /* Build configuration list for PBXNativeTarget "AutoLayoutDemo" */ = {
			isa = XCConfigurationList;
			buildConfigurations = (
				F38C8866230C571200721152 /* Debug */,
				F38C8867230C571200721152 /* Release */,
			);
			defaultConfigurationIsVisible = 0;
			defaultConfigurationName = Release;
		};
/* End XCConfigurationList section */
	};
	rootObject = F38C884B230C570F00721152 /* Project object */;
}
